# Generated by pub
# See https://dart.dev/tools/pub/glossary#lockfile
packages:
  blowfish_ecb:
    dependency: "direct main"
    description:
      name: blowfish_ecb
      url: "https://pub.dartlang.org"
    source: hosted
    version: "0.1.0"
  meta:
    dependency: transitive
    description:
      name: meta
      url: "https://pub.dartlang.org"
    source: hosted
    version: "1.8.0"
sdks:
  dart: ">=2.12.0 <3.0.0"
